// !$*UTF8*$!
{
	archiveVersion = 1;
	classes = {
	};
	objectVersion = 56;
	objects = {

/* Begin PBXBuildFile section */
		B12ABB312A219FCF002C3684 /* pokeProjectApp.swift in Sources */ = {isa = PBXBuildFile; fileRef = B12ABB302A219FCF002C3684 /* pokeProjectApp.swift */; };
		B12ABB332A219FCF002C3684 /* ContentView.swift in Sources */ = {isa = PBXBuildFile; fileRef = B12ABB322A219FCF002C3684 /* ContentView.swift */; };
		B12ABB352A219FD0002C3684 /* Assets.xcassets in Resources */ = {isa = PBXBuildFile; fileRef = B12ABB342A219FD0002C3684 /* Assets.xcassets */; };
		B12ABB382A219FD0002C3684 /* Preview Assets.xcassets in Resources */ = {isa = PBXBuildFile; fileRef = B12ABB372A219FD0002C3684 /* Preview Assets.xcassets */; };
		B12ABB4C2A219FD0002C3684 /* pokeProjectUITests.swift in Sources */ = {isa = PBXBuildFile; fileRef = B12ABB4B2A219FD0002C3684 /* pokeProjectUITests.swift */; };
		B12ABB4E2A219FD0002C3684 /* pokeProjectUITestsLaunchTests.swift in Sources */ = {isa = PBXBuildFile; fileRef = B12ABB4D2A219FD0002C3684 /* pokeProjectUITestsLaunchTests.swift */; };
		B12ABB602A228D7B002C3684 /* PokemonListView.swift in Sources */ = {isa = PBXBuildFile; fileRef = B12ABB5F2A228D7B002C3684 /* PokemonListView.swift */; };
		B12ABB622A228D85002C3684 /* PokemonListViewModel.swift in Sources */ = {isa = PBXBuildFile; fileRef = B12ABB612A228D85002C3684 /* PokemonListViewModel.swift */; };
		B12ABB652A229822002C3684 /* Datalayer in Frameworks */ = {isa = PBXBuildFile; productRef = B12ABB642A229822002C3684 /* Datalayer */; };
		B12ABB672A229822002C3684 /* Domain in Frameworks */ = {isa = PBXBuildFile; productRef = B12ABB662A229822002C3684 /* Domain */; };
		B12ABB6A2A22A59C002C3684 /* PokemonListFactory.swift in Sources */ = {isa = PBXBuildFile; fileRef = B12ABB692A22A59C002C3684 /* PokemonListFactory.swift */; };
		B12ABB6D2A22A8CC002C3684 /* Kingfisher in Frameworks */ = {isa = PBXBuildFile; productRef = B12ABB6C2A22A8CC002C3684 /* Kingfisher */; };
		B12ABB712A22E328002C3684 /* PokemonDetailView.swift in Sources */ = {isa = PBXBuildFile; fileRef = B12ABB702A22E328002C3684 /* PokemonDetailView.swift */; };
		B12ABB732A22E330002C3684 /* PokemonDetailViewModel.swift in Sources */ = {isa = PBXBuildFile; fileRef = B12ABB722A22E330002C3684 /* PokemonDetailViewModel.swift */; };
		B12ABB752A22E808002C3684 /* PokemonDetailFactory.swift in Sources */ = {isa = PBXBuildFile; fileRef = B12ABB742A22E808002C3684 /* PokemonDetailFactory.swift */; };
		B12ABB782A22EF56002C3684 /* FirstAppear.swift in Sources */ = {isa = PBXBuildFile; fileRef = B12ABB772A22EF56002C3684 /* FirstAppear.swift */; };
		B12ABB7B2A23EDD0002C3684 /* MockPokemonListUseCase.swift in Sources */ = {isa = PBXBuildFile; fileRef = B12ABB7A2A23EDD0002C3684 /* MockPokemonListUseCase.swift */; };
		B12ABB7E2A23EE33002C3684 /* PokemonListViewModelTests.swift in Sources */ = {isa = PBXBuildFile; fileRef = B12ABB7D2A23EE33002C3684 /* PokemonListViewModelTests.swift */; };
		B12ABB822A23F295002C3684 /* PokemonDetailViewModelTests.swift in Sources */ = {isa = PBXBuildFile; fileRef = B12ABB812A23F295002C3684 /* PokemonDetailViewModelTests.swift */; };
		B12ABB842A23F312002C3684 /* MockPokemonDetailUseCase.swift in Sources */ = {isa = PBXBuildFile; fileRef = B12ABB832A23F312002C3684 /* MockPokemonDetailUseCase.swift */; };
/* End PBXBuildFile section */

/* Begin PBXContainerItemProxy section */
		B12ABB3E2A219FD0002C3684 /* PBXContainerItemProxy */ = {
			isa = PBXContainerItemProxy;
			containerPortal = B12ABB252A219FCF002C3684 /* Project object */;
			proxyType = 1;
			remoteGlobalIDString = B12ABB2C2A219FCF002C3684;
			remoteInfo = pokeProject;
		};
		B12ABB482A219FD0002C3684 /* PBXContainerItemProxy */ = {
			isa = PBXContainerItemProxy;
			containerPortal = B12ABB252A219FCF002C3684 /* Project object */;
			proxyType = 1;
			remoteGlobalIDString = B12ABB2C2A219FCF002C3684;
			remoteInfo = pokeProject;
		};
/* End PBXContainerItemProxy section */

/* Begin PBXFileReference section */
		B12ABB2D2A219FCF002C3684 /* pokeProject.app */ = {isa = PBXFileReference; explicitFileType = wrapper.application; includeInIndex = 0; path = pokeProject.app; sourceTree = BUILT_PRODUCTS_DIR; };
		B12ABB302A219FCF002C3684 /* pokeProjectApp.swift */ = {isa = PBXFileReference; lastKnownFileType = sourcecode.swift; path = pokeProjectApp.swift; sourceTree = "<group>"; };
		B12ABB322A219FCF002C3684 /* ContentView.swift */ = {isa = PBXFileReference; lastKnownFileType = sourcecode.swift; path = ContentView.swift; sourceTree = "<group>"; };
		B12ABB342A219FD0002C3684 /* Assets.xcassets */ = {isa = PBXFileReference; lastKnownFileType = folder.assetcatalog; path = Assets.xcassets; sourceTree = "<group>"; };
		B12ABB372A219FD0002C3684 /* Preview Assets.xcassets */ = {isa = PBXFileReference; lastKnownFileType = folder.assetcatalog; path = "Preview Assets.xcassets"; sourceTree = "<group>"; };
		B12ABB3D2A219FD0002C3684 /* pokeProjectTests.xctest */ = {isa = PBXFileReference; explicitFileType = wrapper.cfbundle; includeInIndex = 0; path = pokeProjectTests.xctest; sourceTree = BUILT_PRODUCTS_DIR; };
		B12ABB472A219FD0002C3684 /* pokeProjectUITests.xctest */ = {isa = PBXFileReference; explicitFileType = wrapper.cfbundle; includeInIndex = 0; path = pokeProjectUITests.xctest; sourceTree = BUILT_PRODUCTS_DIR; };
		B12ABB4B2A219FD0002C3684 /* pokeProjectUITests.swift */ = {isa = PBXFileReference; lastKnownFileType = sourcecode.swift; path = pokeProjectUITests.swift; sourceTree = "<group>"; };
		B12ABB4D2A219FD0002C3684 /* pokeProjectUITestsLaunchTests.swift */ = {isa = PBXFileReference; lastKnownFileType = sourcecode.swift; path = pokeProjectUITestsLaunchTests.swift; sourceTree = "<group>"; };
		B12ABB5B2A21A4CC002C3684 /* Datalayer */ = {isa = PBXFileReference; lastKnownFileType = wrapper; path = Datalayer; sourceTree = "<group>"; };
		B12ABB5C2A21B85C002C3684 /* Domain */ = {isa = PBXFileReference; lastKnownFileType = wrapper; path = Domain; sourceTree = "<group>"; };
		B12ABB5F2A228D7B002C3684 /* PokemonListView.swift */ = {isa = PBXFileReference; lastKnownFileType = sourcecode.swift; path = PokemonListView.swift; sourceTree = "<group>"; };
		B12ABB612A228D85002C3684 /* PokemonListViewModel.swift */ = {isa = PBXFileReference; lastKnownFileType = sourcecode.swift; path = PokemonListViewModel.swift; sourceTree = "<group>"; };
		B12ABB692A22A59C002C3684 /* PokemonListFactory.swift */ = {isa = PBXFileReference; lastKnownFileType = sourcecode.swift; path = PokemonListFactory.swift; sourceTree = "<group>"; };
		B12ABB702A22E328002C3684 /* PokemonDetailView.swift */ = {isa = PBXFileReference; lastKnownFileType = sourcecode.swift; path = PokemonDetailView.swift; sourceTree = "<group>"; };
		B12ABB722A22E330002C3684 /* PokemonDetailViewModel.swift */ = {isa = PBXFileReference; lastKnownFileType = sourcecode.swift; path = PokemonDetailViewModel.swift; sourceTree = "<group>"; };
		B12ABB742A22E808002C3684 /* PokemonDetailFactory.swift */ = {isa = PBXFileReference; lastKnownFileType = sourcecode.swift; path = PokemonDetailFactory.swift; sourceTree = "<group>"; };
		B12ABB772A22EF56002C3684 /* FirstAppear.swift */ = {isa = PBXFileReference; lastKnownFileType = sourcecode.swift; path = FirstAppear.swift; sourceTree = "<group>"; };
		B12ABB7A2A23EDD0002C3684 /* MockPokemonListUseCase.swift */ = {isa = PBXFileReference; lastKnownFileType = sourcecode.swift; path = MockPokemonListUseCase.swift; sourceTree = "<group>"; };
		B12ABB7D2A23EE33002C3684 /* PokemonListViewModelTests.swift */ = {isa = PBXFileReference; lastKnownFileType = sourcecode.swift; path = PokemonListViewModelTests.swift; sourceTree = "<group>"; };
		B12ABB7F2A23F027002C3684 /* pokeProject.xctestplan */ = {isa = PBXFileReference; lastKnownFileType = text; path = pokeProject.xctestplan; sourceTree = "<group>"; };
		B12ABB812A23F295002C3684 /* PokemonDetailViewModelTests.swift */ = {isa = PBXFileReference; lastKnownFileType = sourcecode.swift; path = PokemonDetailViewModelTests.swift; sourceTree = "<group>"; };
		B12ABB832A23F312002C3684 /* MockPokemonDetailUseCase.swift */ = {isa = PBXFileReference; lastKnownFileType = sourcecode.swift; path = MockPokemonDetailUseCase.swift; sourceTree = "<group>"; };
/* End PBXFileReference section */

/* Begin PBXFrameworksBuildPhase section */
		B12ABB2A2A219FCF002C3684 /* Frameworks */ = {
			isa = PBXFrameworksBuildPhase;
			buildActionMask = 2147483647;
			files = (
				B12ABB6D2A22A8CC002C3684 /* Kingfisher in Frameworks */,
				B12ABB672A229822002C3684 /* Domain in Frameworks */,
				B12ABB652A229822002C3684 /* Datalayer in Frameworks */,
			);
			runOnlyForDeploymentPostprocessing = 0;
		};
		B12ABB3A2A219FD0002C3684 /* Frameworks */ = {
			isa = PBXFrameworksBuildPhase;
			buildActionMask = 2147483647;
			files = (
			);
			runOnlyForDeploymentPostprocessing = 0;
		};
		B12ABB442A219FD0002C3684 /* Frameworks */ = {
			isa = PBXFrameworksBuildPhase;
			buildActionMask = 2147483647;
			files = (
			);
			runOnlyForDeploymentPostprocessing = 0;
		};
/* End PBXFrameworksBuildPhase section */

/* Begin PBXGroup section */
		B12ABB242A219FCF002C3684 = {
			isa = PBXGroup;
			children = (
				B12ABB7F2A23F027002C3684 /* pokeProject.xctestplan */,
				B12ABB5A2A21A4CC002C3684 /* Packages */,
				B12ABB2F2A219FCF002C3684 /* pokeProject */,
				B12ABB402A219FD0002C3684 /* pokeProjectTests */,
				B12ABB4A2A219FD0002C3684 /* pokeProjectUITests */,
				B12ABB2E2A219FCF002C3684 /* Products */,
				B12ABB632A229822002C3684 /* Frameworks */,
			);
			sourceTree = "<group>";
		};
		B12ABB2E2A219FCF002C3684 /* Products */ = {
			isa = PBXGroup;
			children = (
				B12ABB2D2A219FCF002C3684 /* pokeProject.app */,
				B12ABB3D2A219FD0002C3684 /* pokeProjectTests.xctest */,
				B12ABB472A219FD0002C3684 /* pokeProjectUITests.xctest */,
			);
			name = Products;
			sourceTree = "<group>";
		};
		B12ABB2F2A219FCF002C3684 /* pokeProject */ = {
			isa = PBXGroup;
			children = (
				B12ABB762A22EF45002C3684 /* Modifiers */,
				B12ABB6E2A22B1C2002C3684 /* Components */,
				B12ABB682A22A578002C3684 /* Application */,
				B12ABB5D2A228D1E002C3684 /* Presentation */,
				B12ABB302A219FCF002C3684 /* pokeProjectApp.swift */,
				B12ABB322A219FCF002C3684 /* ContentView.swift */,
				B12ABB342A219FD0002C3684 /* Assets.xcassets */,
				B12ABB362A219FD0002C3684 /* Preview Content */,
			);
			path = pokeProject;
			sourceTree = "<group>";
		};
		B12ABB362A219FD0002C3684 /* Preview Content */ = {
			isa = PBXGroup;
			children = (
				B12ABB372A219FD0002C3684 /* Preview Assets.xcassets */,
			);
			path = "Preview Content";
			sourceTree = "<group>";
		};
		B12ABB402A219FD0002C3684 /* pokeProjectTests */ = {
			isa = PBXGroup;
			children = (
				B12ABB792A23EDB0002C3684 /* Mocks */,
				B12ABB7C2A23EE09002C3684 /* PokemonListTests */,
				B12ABB802A23F272002C3684 /* PokemonDetailTests */,
			);
			path = pokeProjectTests;
			sourceTree = "<group>";
		};
		B12ABB4A2A219FD0002C3684 /* pokeProjectUITests */ = {
			isa = PBXGroup;
			children = (
				B12ABB4B2A219FD0002C3684 /* pokeProjectUITests.swift */,
				B12ABB4D2A219FD0002C3684 /* pokeProjectUITestsLaunchTests.swift */,
			);
			path = pokeProjectUITests;
			sourceTree = "<group>";
		};
		B12ABB5A2A21A4CC002C3684 /* Packages */ = {
			isa = PBXGroup;
			children = (
				B12ABB5B2A21A4CC002C3684 /* Datalayer */,
				B12ABB5C2A21B85C002C3684 /* Domain */,
			);
			name = Packages;
			sourceTree = "<group>";
		};
		B12ABB5D2A228D1E002C3684 /* Presentation */ = {
			isa = PBXGroup;
			children = (
				B12ABB5E2A228D66002C3684 /* PokemonList */,
				B12ABB6F2A22E311002C3684 /* PokemonDetail */,
			);
			path = Presentation;
			sourceTree = "<group>";
		};
		B12ABB5E2A228D66002C3684 /* PokemonList */ = {
			isa = PBXGroup;
			children = (
				B12ABB5F2A228D7B002C3684 /* PokemonListView.swift */,
				B12ABB612A228D85002C3684 /* PokemonListViewModel.swift */,
			);
			path = PokemonList;
			sourceTree = "<group>";
		};
		B12ABB632A229822002C3684 /* Frameworks */ = {
			isa = PBXGroup;
			children = (
			);
			name = Frameworks;
			sourceTree = "<group>";
		};
		B12ABB682A22A578002C3684 /* Application */ = {
			isa = PBXGroup;
			children = (
				B12ABB692A22A59C002C3684 /* PokemonListFactory.swift */,
				B12ABB742A22E808002C3684 /* PokemonDetailFactory.swift */,
			);
			path = Application;
			sourceTree = "<group>";
		};
		B12ABB6E2A22B1C2002C3684 /* Components */ = {
			isa = PBXGroup;
			children = (
			);
			path = Components;
			sourceTree = "<group>";
		};
		B12ABB6F2A22E311002C3684 /* PokemonDetail */ = {
			isa = PBXGroup;
			children = (
				B12ABB702A22E328002C3684 /* PokemonDetailView.swift */,
				B12ABB722A22E330002C3684 /* PokemonDetailViewModel.swift */,
			);
			path = PokemonDetail;
			sourceTree = "<group>";
		};
		B12ABB762A22EF45002C3684 /* Modifiers */ = {
			isa = PBXGroup;
			children = (
				B12ABB772A22EF56002C3684 /* FirstAppear.swift */,
			);
			path = Modifiers;
			sourceTree = "<group>";
		};
		B12ABB792A23EDB0002C3684 /* Mocks */ = {
			isa = PBXGroup;
			children = (
				B12ABB7A2A23EDD0002C3684 /* MockPokemonListUseCase.swift */,
				B12ABB832A23F312002C3684 /* MockPokemonDetailUseCase.swift */,
			);
			path = Mocks;
			sourceTree = "<group>";
		};
		B12ABB7C2A23EE09002C3684 /* PokemonListTests */ = {
			isa = PBXGroup;
			children = (
				B12ABB7D2A23EE33002C3684 /* PokemonListViewModelTests.swift */,
			);
			path = PokemonListTests;
			sourceTree = "<group>";
		};
		B12ABB802A23F272002C3684 /* PokemonDetailTests */ = {
			isa = PBXGroup;
			children = (
				B12ABB812A23F295002C3684 /* PokemonDetailViewModelTests.swift */,
			);
			path = PokemonDetailTests;
			sourceTree = "<group>";
		};
/* End PBXGroup section */

/* Begin PBXNativeTarget section */
		B12ABB2C2A219FCF002C3684 /* pokeProject */ = {
			isa = PBXNativeTarget;
			buildConfigurationList = B12ABB512A219FD0002C3684 /* Build configuration list for PBXNativeTarget "pokeProject" */;
			buildPhases = (
				B12ABB292A219FCF002C3684 /* Sources */,
				B12ABB2A2A219FCF002C3684 /* Frameworks */,
				B12ABB2B2A219FCF002C3684 /* Resources */,
			);
			buildRules = (
			);
			dependencies = (
			);
			name = pokeProject;
			packageProductDependencies = (
				B12ABB642A229822002C3684 /* Datalayer */,
				B12ABB662A229822002C3684 /* Domain */,
				B12ABB6C2A22A8CC002C3684 /* Kingfisher */,
			);
			productName = pokeProject;
			productReference = B12ABB2D2A219FCF002C3684 /* pokeProject.app */;
			productType = "com.apple.product-type.application";
		};
		B12ABB3C2A219FD0002C3684 /* pokeProjectTests */ = {
			isa = PBXNativeTarget;
			buildConfigurationList = B12ABB542A219FD0002C3684 /* Build configuration list for PBXNativeTarget "pokeProjectTests" */;
			buildPhases = (
				B12ABB392A219FD0002C3684 /* Sources */,
				B12ABB3A2A219FD0002C3684 /* Frameworks */,
				B12ABB3B2A219FD0002C3684 /* Resources */,
			);
			buildRules = (
			);
			dependencies = (
				B12ABB3F2A219FD0002C3684 /* PBXTargetDependency */,
			);
			name = pokeProjectTests;
			productName = pokeProjectTests;
			productReference = B12ABB3D2A219FD0002C3684 /* pokeProjectTests.xctest */;
			productType = "com.apple.product-type.bundle.unit-test";
		};
		B12ABB462A219FD0002C3684 /* pokeProjectUITests */ = {
			isa = PBXNativeTarget;
			buildConfigurationList = B12ABB572A219FD0002C3684 /* Build configuration list for PBXNativeTarget "pokeProjectUITests" */;
			buildPhases = (
				B12ABB432A219FD0002C3684 /* Sources */,
				B12ABB442A219FD0002C3684 /* Frameworks */,
				B12ABB452A219FD0002C3684 /* Resources */,
			);
			buildRules = (
			);
			dependencies = (
				B12ABB492A219FD0002C3684 /* PBXTargetDependency */,
			);
			name = pokeProjectUITests;
			productName = pokeProjectUITests;
			productReference = B12ABB472A219FD0002C3684 /* pokeProjectUITests.xctest */;
			productType = "com.apple.product-type.bundle.ui-testing";
		};
/* End PBXNativeTarget section */

/* Begin PBXProject section */
		B12ABB252A219FCF002C3684 /* Project object */ = {
			isa = PBXProject;
			attributes = {
				BuildIndependentTargetsInParallel = 1;
				LastSwiftUpdateCheck = 1430;
				LastUpgradeCheck = 1430;
				TargetAttributes = {
					B12ABB2C2A219FCF002C3684 = {
						CreatedOnToolsVersion = 14.3;
					};
					B12ABB3C2A219FD0002C3684 = {
						CreatedOnToolsVersion = 14.3;
						TestTargetID = B12ABB2C2A219FCF002C3684;
					};
					B12ABB462A219FD0002C3684 = {
						CreatedOnToolsVersion = 14.3;
						TestTargetID = B12ABB2C2A219FCF002C3684;
					};
				};
			};
			buildConfigurationList = B12ABB282A219FCF002C3684 /* Build configuration list for PBXProject "pokeProject" */;
			compatibilityVersion = "Xcode 14.0";
			developmentRegion = en;
			hasScannedForEncodings = 0;
			knownRegions = (
				en,
				Base,
			);
			mainGroup = B12ABB242A219FCF002C3684;
			packageReferences = (
				B12ABB6B2A22A8CC002C3684 /* XCRemoteSwiftPackageReference "Kingfisher" */,
			);
			productRefGroup = B12ABB2E2A219FCF002C3684 /* Products */;
			projectDirPath = "";
			projectRoot = "";
			targets = (
				B12ABB2C2A219FCF002C3684 /* pokeProject */,
				B12ABB3C2A219FD0002C3684 /* pokeProjectTests */,
				B12ABB462A219FD0002C3684 /* pokeProjectUITests */,
			);
		};
/* End PBXProject section */

/* Begin PBXResourcesBuildPhase section */
		B12ABB2B2A219FCF002C3684 /* Resources */ = {
			isa = PBXResourcesBuildPhase;
			buildActionMask = 2147483647;
			files = (
				B12ABB382A219FD0002C3684 /* Preview Assets.xcassets in Resources */,
				B12ABB352A219FD0002C3684 /* Assets.xcassets in Resources */,
			);
			runOnlyForDeploymentPostprocessing = 0;
		};
		B12ABB3B2A219FD0002C3684 /* Resources */ = {
			isa = PBXResourcesBuildPhase;
			buildActionMask = 2147483647;
			files = (
			);
			runOnlyForDeploymentPostprocessing = 0;
		};
		B12ABB452A219FD0002C3684 /* Resources */ = {
			isa = PBXResourcesBuildPhase;
			buildActionMask = 2147483647;
			files = (
			);
			runOnlyForDeploymentPostprocessing = 0;
		};
/* End PBXResourcesBuildPhase section */

/* Begin PBXSourcesBuildPhase section */
		B12ABB292A219FCF002C3684 /* Sources */ = {
			isa = PBXSourcesBuildPhase;
			buildActionMask = 2147483647;
			files = (
				B12ABB332A219FCF002C3684 /* ContentView.swift in Sources */,
				B12ABB752A22E808002C3684 /* PokemonDetailFactory.swift in Sources */,
				B12ABB6A2A22A59C002C3684 /* PokemonListFactory.swift in Sources */,
				B12ABB602A228D7B002C3684 /* PokemonListView.swift in Sources */,
				B12ABB622A228D85002C3684 /* PokemonListViewModel.swift in Sources */,
				B12ABB732A22E330002C3684 /* PokemonDetailViewModel.swift in Sources */,
				B12ABB312A219FCF002C3684 /* pokeProjectApp.swift in Sources */,
				B12ABB782A22EF56002C3684 /* FirstAppear.swift in Sources */,
				B12ABB712A22E328002C3684 /* PokemonDetailView.swift in Sources */,
			);
			runOnlyForDeploymentPostprocessing = 0;
		};
		B12ABB392A219FD0002C3684 /* Sources */ = {
			isa = PBXSourcesBuildPhase;
			buildActionMask = 2147483647;
			files = (
				B12ABB842A23F312002C3684 /* MockPokemonDetailUseCase.swift in Sources */,
				B12ABB7E2A23EE33002C3684 /* PokemonListViewModelTests.swift in Sources */,
				B12ABB822A23F295002C3684 /* PokemonDetailViewModelTests.swift in Sources */,
				B12ABB7B2A23EDD0002C3684 /* MockPokemonListUseCase.swift in Sources */,
			);
			runOnlyForDeploymentPostprocessing = 0;
		};
		B12ABB432A219FD0002C3684 /* Sources */ = {
			isa = PBXSourcesBuildPhase;
			buildActionMask = 2147483647;
			files = (
				B12ABB4C2A219FD0002C3684 /* pokeProjectUITests.swift in Sources */,
				B12ABB4E2A219FD0002C3684 /* pokeProjectUITestsLaunchTests.swift in Sources */,
			);
			runOnlyForDeploymentPostprocessing = 0;
		};
/* End PBXSourcesBuildPhase section */

/* Begin PBXTargetDependency section */
		B12ABB3F2A219FD0002C3684 /* PBXTargetDependency */ = {
			isa = PBXTargetDependency;
			target = B12ABB2C2A219FCF002C3684 /* pokeProject */;
			targetProxy = B12ABB3E2A219FD0002C3684 /* PBXContainerItemProxy */;
		};
		B12ABB492A219FD0002C3684 /* PBXTargetDependency */ = {
			isa = PBXTargetDependency;
			target = B12ABB2C2A219FCF002C3684 /* pokeProject */;
			targetProxy = B12ABB482A219FD0002C3684 /* PBXContainerItemProxy */;
		};
/* End PBXTargetDependency section */

/* Begin XCBuildConfiguration section */
		B12ABB4F2A219FD0002C3684 /* Debug */ = {
			isa = XCBuildConfiguration;
			buildSettings = {
				ALWAYS_SEARCH_USER_PATHS = NO;
				CLANG_ANALYZER_NONNULL = YES;
				CLANG_ANALYZER_NUMBER_OBJECT_CONVERSION = YES_AGGRESSIVE;
				CLANG_CXX_LANGUAGE_STANDARD = "gnu++20";
				CLANG_ENABLE_MODULES = YES;
				CLANG_ENABLE_OBJC_ARC = YES;
				CLANG_ENABLE_OBJC_WEAK = YES;
				CLANG_WARN_BLOCK_CAPTURE_AUTORELEASING = YES;
				CLANG_WARN_BOOL_CONVERSION = YES;
				CLANG_WARN_COMMA = YES;
				CLANG_WARN_CONSTANT_CONVERSION = YES;
				CLANG_WARN_DEPRECATED_OBJC_IMPLEMENTATIONS = YES;
				CLANG_WARN_DIRECT_OBJC_ISA_USAGE = YES_ERROR;
				CLANG_WARN_DOCUMENTATION_COMMENTS = YES;
				CLANG_WARN_EMPTY_BODY = YES;
				CLANG_WARN_ENUM_CONVERSION = YES;
				CLANG_WARN_INFINITE_RECURSION = YES;
				CLANG_WARN_INT_CONVERSION = YES;
				CLANG_WARN_NON_LITERAL_NULL_CONVERSION = YES;
				CLANG_WARN_OBJC_IMPLICIT_RETAIN_SELF = YES;
				CLANG_WARN_OBJC_LITERAL_CONVERSION = YES;
				CLANG_WARN_OBJC_ROOT_CLASS = YES_ERROR;
				CLANG_WARN_QUOTED_INCLUDE_IN_FRAMEWORK_HEADER = YES;
				CLANG_WARN_RANGE_LOOP_ANALYSIS = YES;
				CLANG_WARN_STRICT_PROTOTYPES = YES;
				CLANG_WARN_SUSPICIOUS_MOVE = YES;
				CLANG_WARN_UNGUARDED_AVAILABILITY = YES_AGGRESSIVE;
				CLANG_WARN_UNREACHABLE_CODE = YES;
				CLANG_WARN__DUPLICATE_METHOD_MATCH = YES;
				COPY_PHASE_STRIP = NO;
				DEBUG_INFORMATION_FORMAT = dwarf;
				ENABLE_STRICT_OBJC_MSGSEND = YES;
				ENABLE_TESTABILITY = YES;
				GCC_C_LANGUAGE_STANDARD = gnu11;
				GCC_DYNAMIC_NO_PIC = NO;
				GCC_NO_COMMON_BLOCKS = YES;
				GCC_OPTIMIZATION_LEVEL = 0;
				GCC_PREPROCESSOR_DEFINITIONS = (
					"DEBUG=1",
					"$(inherited)",
				);
				GCC_WARN_64_TO_32_BIT_CONVERSION = YES;
				GCC_WARN_ABOUT_RETURN_TYPE = YES_ERROR;
				GCC_WARN_UNDECLARED_SELECTOR = YES;
				GCC_WARN_UNINITIALIZED_AUTOS = YES_AGGRESSIVE;
				GCC_WARN_UNUSED_FUNCTION = YES;
				GCC_WARN_UNUSED_VARIABLE = YES;
				IPHONEOS_DEPLOYMENT_TARGET = 16.4;
				MTL_ENABLE_DEBUG_INFO = INCLUDE_SOURCE;
				MTL_FAST_MATH = YES;
				ONLY_ACTIVE_ARCH = YES;
				SDKROOT = iphoneos;
				SWIFT_ACTIVE_COMPILATION_CONDITIONS = DEBUG;
				SWIFT_OPTIMIZATION_LEVEL = "-Onone";
			};
			name = Debug;
		};
		B12ABB502A219FD0002C3684 /* Release */ = {
			isa = XCBuildConfiguration;
			buildSettings = {
				ALWAYS_SEARCH_USER_PATHS = NO;
				CLANG_ANALYZER_NONNULL = YES;
				CLANG_ANALYZER_NUMBER_OBJECT_CONVERSION = YES_AGGRESSIVE;
				CLANG_CXX_LANGUAGE_STANDARD = "gnu++20";
				CLANG_ENABLE_MODULES = YES;
				CLANG_ENABLE_OBJC_ARC = YES;
				CLANG_ENABLE_OBJC_WEAK = YES;
				CLANG_WARN_BLOCK_CAPTURE_AUTORELEASING = YES;
				CLANG_WARN_BOOL_CONVERSION = YES;
				CLANG_WARN_COMMA = YES;
				CLANG_WARN_CONSTANT_CONVERSION = YES;
				CLANG_WARN_DEPRECATED_OBJC_IMPLEMENTATIONS = YES;
				CLANG_WARN_DIRECT_OBJC_ISA_USAGE = YES_ERROR;
				CLANG_WARN_DOCUMENTATION_COMMENTS = YES;
				CLANG_WARN_EMPTY_BODY = YES;
				CLANG_WARN_ENUM_CONVERSION = YES;
				CLANG_WARN_INFINITE_RECURSION = YES;
				CLANG_WARN_INT_CONVERSION = YES;
				CLANG_WARN_NON_LITERAL_NULL_CONVERSION = YES;
				CLANG_WARN_OBJC_IMPLICIT_RETAIN_SELF = YES;
				CLANG_WARN_OBJC_LITERAL_CONVERSION = YES;
				CLANG_WARN_OBJC_ROOT_CLASS = YES_ERROR;
				CLANG_WARN_QUOTED_INCLUDE_IN_FRAMEWORK_HEADER = YES;
				CLANG_WARN_RANGE_LOOP_ANALYSIS = YES;
				CLANG_WARN_STRICT_PROTOTYPES = YES;
				CLANG_WARN_SUSPICIOUS_MOVE = YES;
				CLANG_WARN_UNGUARDED_AVAILABILITY = YES_AGGRESSIVE;
				CLANG_WARN_UNREACHABLE_CODE = YES;
				CLANG_WARN__DUPLICATE_METHOD_MATCH = YES;
				COPY_PHASE_STRIP = NO;
				DEBUG_INFORMATION_FORMAT = "dwarf-with-dsym";
				ENABLE_NS_ASSERTIONS = NO;
				ENABLE_STRICT_OBJC_MSGSEND = YES;
				GCC_C_LANGUAGE_STANDARD = gnu11;
				GCC_NO_COMMON_BLOCKS = YES;
				GCC_WARN_64_TO_32_BIT_CONVERSION = YES;
				GCC_WARN_ABOUT_RETURN_TYPE = YES_ERROR;
				GCC_WARN_UNDECLARED_SELECTOR = YES;
				GCC_WARN_UNINITIALIZED_AUTOS = YES_AGGRESSIVE;
				GCC_WARN_UNUSED_FUNCTION = YES;
				GCC_WARN_UNUSED_VARIABLE = YES;
				IPHONEOS_DEPLOYMENT_TARGET = 16.4;
				MTL_ENABLE_DEBUG_INFO = NO;
				MTL_FAST_MATH = YES;
				SDKROOT = iphoneos;
				SWIFT_COMPILATION_MODE = wholemodule;
				SWIFT_OPTIMIZATION_LEVEL = "-O";
				VALIDATE_PRODUCT = YES;
			};
			name = Release;
		};
		B12ABB522A219FD0002C3684 /* Debug */ = {
			isa = XCBuildConfiguration;
			buildSettings = {
				ASSETCATALOG_COMPILER_APPICON_NAME = AppIcon;
				ASSETCATALOG_COMPILER_GLOBAL_ACCENT_COLOR_NAME = AccentColor;
				CODE_SIGN_STYLE = Automatic;
				CURRENT_PROJECT_VERSION = 1;
				DEVELOPMENT_ASSET_PATHS = "\"pokeProject/Preview Content\"";
				ENABLE_PREVIEWS = YES;
				GENERATE_INFOPLIST_FILE = YES;
				INFOPLIST_KEY_UIApplicationSceneManifest_Generation = YES;
				INFOPLIST_KEY_UIApplicationSupportsIndirectInputEvents = YES;
				INFOPLIST_KEY_UILaunchScreen_Generation = YES;
				INFOPLIST_KEY_UISupportedInterfaceOrientations_iPad = "UIInterfaceOrientationPortrait UIInterfaceOrientationPortraitUpsideDown UIInterfaceOrientationLandscapeLeft UIInterfaceOrientationLandscapeRight";
				INFOPLIST_KEY_UISupportedInterfaceOrientations_iPhone = "UIInterfaceOrientationPortrait UIInterfaceOrientationLandscapeLeft UIInterfaceOrientationLandscapeRight";
				LD_RUNPATH_SEARCH_PATHS = (
					"$(inherited)",
					"@executable_path/Frameworks",
				);
				MARKETING_VERSION = 1.0;
				PRODUCT_BUNDLE_IDENTIFIER = wbb.pokeProject;
				PRODUCT_NAME = "$(TARGET_NAME)";
				SWIFT_EMIT_LOC_STRINGS = YES;
				SWIFT_VERSION = 5.0;
				TARGETED_DEVICE_FAMILY = "1,2";
			};
			name = Debug;
		};
		B12ABB532A219FD0002C3684 /* Release */ = {
			isa = XCBuildConfiguration;
			buildSettings = {
				ASSETCATALOG_COMPILER_APPICON_NAME = AppIcon;
				ASSETCATALOG_COMPILER_GLOBAL_ACCENT_COLOR_NAME = AccentColor;
				CODE_SIGN_STYLE = Automatic;
				CURRENT_PROJECT_VERSION = 1;
				DEVELOPMENT_ASSET_PATHS = "\"pokeProject/Preview Content\"";
				ENABLE_PREVIEWS = YES;
				GENERATE_INFOPLIST_FILE = YES;
				INFOPLIST_KEY_UIApplicationSceneManifest_Generation = YES;
				INFOPLIST_KEY_UIApplicationSupportsIndirectInputEvents = YES;
				INFOPLIST_KEY_UILaunchScreen_Generation = YES;
				INFOPLIST_KEY_UISupportedInterfaceOrientations_iPad = "UIInterfaceOrientationPortrait UIInterfaceOrientationPortraitUpsideDown UIInterfaceOrientationLandscapeLeft UIInterfaceOrientationLandscapeRight";
				INFOPLIST_KEY_UISupportedInterfaceOrientations_iPhone = "UIInterfaceOrientationPortrait UIInterfaceOrientationLandscapeLeft UIInterfaceOrientationLandscapeRight";
				LD_RUNPATH_SEARCH_PATHS = (
					"$(inherited)",
					"@executable_path/Frameworks",
				);
				MARKETING_VERSION = 1.0;
				PRODUCT_BUNDLE_IDENTIFIER = wbb.pokeProject;
				PRODUCT_NAME = "$(TARGET_NAME)";
				SWIFT_EMIT_LOC_STRINGS = YES;
				SWIFT_VERSION = 5.0;
				TARGETED_DEVICE_FAMILY = "1,2";
			};
			name = Release;
		};
		B12ABB552A219FD0002C3684 /* Debug */ = {
			isa = XCBuildConfiguration;
			buildSettings = {
				ALWAYS_EMBED_SWIFT_STANDARD_LIBRARIES = YES;
				BUNDLE_LOADER = "$(TEST_HOST)";
				CODE_SIGN_STYLE = Automatic;
				CURRENT_PROJECT_VERSION = 1;
				GENERATE_INFOPLIST_FILE = YES;
				IPHONEOS_DEPLOYMENT_TARGET = 16.4;
				MARKETING_VERSION = 1.0;
				PRODUCT_BUNDLE_IDENTIFIER = wbb.pokeProjectTests;
				PRODUCT_NAME = "$(TARGET_NAME)";
				SWIFT_EMIT_LOC_STRINGS = NO;
				SWIFT_VERSION = 5.0;
				TARGETED_DEVICE_FAMILY = "1,2";
				TEST_HOST = "$(BUILT_PRODUCTS_DIR)/pokeProject.app/$(BUNDLE_EXECUTABLE_FOLDER_PATH)/pokeProject";
			};
			name = Debug;
		};
		B12ABB562A219FD0002C3684 /* Release */ = {
			isa = XCBuildConfiguration;
			buildSettings = {
				ALWAYS_EMBED_SWIFT_STANDARD_LIBRARIES = YES;
				BUNDLE_LOADER = "$(TEST_HOST)";
				CODE_SIGN_STYLE = Automatic;
				CURRENT_PROJECT_VERSION = 1;
				GENERATE_INFOPLIST_FILE = YES;
				IPHONEOS_DEPLOYMENT_TARGET = 16.4;
				MARKETING_VERSION = 1.0;
				PRODUCT_BUNDLE_IDENTIFIER = wbb.pokeProjectTests;
				PRODUCT_NAME = "$(TARGET_NAME)";
				SWIFT_EMIT_LOC_STRINGS = NO;
				SWIFT_VERSION = 5.0;
				TARGETED_DEVICE_FAMILY = "1,2";
				TEST_HOST = "$(BUILT_PRODUCTS_DIR)/pokeProject.app/$(BUNDLE_EXECUTABLE_FOLDER_PATH)/pokeProject";
			};
			name = Release;
		};
		B12ABB582A219FD0002C3684 /* Debug */ = {
			isa = XCBuildConfiguration;
			buildSettings = {
				ALWAYS_EMBED_SWIFT_STANDARD_LIBRARIES = YES;
				CODE_SIGN_STYLE = Automatic;
				CURRENT_PROJECT_VERSION = 1;
				GENERATE_INFOPLIST_FILE = YES;
				MARKETING_VERSION = 1.0;
				PRODUCT_BUNDLE_IDENTIFIER = wbb.pokeProjectUITests;
				PRODUCT_NAME = "$(TARGET_NAME)";
				SWIFT_EMIT_LOC_STRINGS = NO;
				SWIFT_VERSION = 5.0;
				TARGETED_DEVICE_FAMILY = "1,2";
				TEST_TARGET_NAME = pokeProject;
			};
			name = Debug;
		};
		B12ABB592A219FD0002C3684 /* Release */ = {
			isa = XCBuildConfiguration;
			buildSettings = {
				ALWAYS_EMBED_SWIFT_STANDARD_LIBRARIES = YES;
				CODE_SIGN_STYLE = Automatic;
				CURRENT_PROJECT_VERSION = 1;
				GENERATE_INFOPLIST_FILE = YES;
				MARKETING_VERSION = 1.0;
				PRODUCT_BUNDLE_IDENTIFIER = wbb.pokeProjectUITests;
				PRODUCT_NAME = "$(TARGET_NAME)";
				SWIFT_EMIT_LOC_STRINGS = NO;
				SWIFT_VERSION = 5.0;
				TARGETED_DEVICE_FAMILY = "1,2";
				TEST_TARGET_NAME = pokeProject;
			};
			name = Release;
		};
/* End XCBuildConfiguration section */

/* Begin XCConfigurationList section */
		B12ABB282A219FCF002C3684 /* Build configuration list for PBXProject "pokeProject" */ = {
			isa = XCConfigurationList;
			buildConfigurations = (
				B12ABB4F2A219FD0002C3684 /* Debug */,
				B12ABB502A219FD0002C3684 /* Release */,
			);
			defaultConfigurationIsVisible = 0;
			defaultConfigurationName = Release;
		};
		B12ABB512A219FD0002C3684 /* Build configuration list for PBXNativeTarget "pokeProject" */ = {
			isa = XCConfigurationList;
			buildConfigurations = (
				B12ABB522A219FD0002C3684 /* Debug */,
				B12ABB532A219FD0002C3684 /* Release */,
			);
			defaultConfigurationIsVisible = 0;
			defaultConfigurationName = Release;
		};
		B12ABB542A219FD0002C3684 /* Build configuration list for PBXNativeTarget "pokeProjectTests" */ = {
			isa = XCConfigurationList;
			buildConfigurations = (
				B12ABB552A219FD0002C3684 /* Debug */,
				B12ABB562A219FD0002C3684 /* Release */,
			);
			defaultConfigurationIsVisible = 0;
			defaultConfigurationName = Release;
		};
		B12ABB572A219FD0002C3684 /* Build configuration list for PBXNativeTarget "pokeProjectUITests" */ = {
			isa = XCConfigurationList;
			buildConfigurations = (
				B12ABB582A219FD0002C3684 /* Debug */,
				B12ABB592A219FD0002C3684 /* Release */,
			);
			defaultConfigurationIsVisible = 0;
			defaultConfigurationName = Release;
		};
/* End XCConfigurationList section */

/* Begin XCRemoteSwiftPackageReference section */
		B12ABB6B2A22A8CC002C3684 /* XCRemoteSwiftPackageReference "Kingfisher" */ = {
			isa = XCRemoteSwiftPackageReference;
			repositoryURL = "https://github.com/onevcat/Kingfisher.git";
			requirement = {
				kind = exactVersion;
				version = 7.7.0;
			};
		};
/* End XCRemoteSwiftPackageReference section */

/* Begin XCSwiftPackageProductDependency section */
		B12ABB642A229822002C3684 /* Datalayer */ = {
			isa = XCSwiftPackageProductDependency;
			productName = Datalayer;
		};
		B12ABB662A229822002C3684 /* Domain */ = {
			isa = XCSwiftPackageProductDependency;
			productName = Domain;
		};
		B12ABB6C2A22A8CC002C3684 /* Kingfisher */ = {
			isa = XCSwiftPackageProductDependency;
			package = B12ABB6B2A22A8CC002C3684 /* XCRemoteSwiftPackageReference "Kingfisher" */;
			productName = Kingfisher;
		};
/* End XCSwiftPackageProductDependency section */
	};
	rootObject = B12ABB252A219FCF002C3684 /* Project object */;
}
